
Microsoft Visual Studio Solution File, Format Version 12.00
# Visual Studio Version 17
VisualStudioVersion = 17.8.34330.188
MinimumVisualStudioVersion = 10.0.40219.1
Project("{FAE04EC0-301F-11D3-BF4B-00C04F79EFBC}") = "Film_Arsivim", "Film_Arsivim\Film_Arsivim.csproj", "{B7196A61-D11E-4533-9DF9-862B17EABFFB}"
EndProject
Global
	GlobalSection(SolutionConfigurationPlatforms) = preSolution
		Debug|Any CPU = Debug|Any CPU
		Release|Any CPU = Release|Any CPU
	EndGlobalSection
	GlobalSection(ProjectConfigurationPlatforms) = postSolution
		{B7196A61-D11E-4533-9DF9-862B17EABFFB}.Debug|Any CPU.ActiveCfg = Debug|Any CPU
		{B7196A61-D11E-4533-9DF9-862B17EABFFB}.Debug|Any CPU.Build.0 = Debug|Any CPU
		{B7196A61-D11E-4533-9DF9-862B17EABFFB}.Release|Any CPU.ActiveCfg = Release|Any CPU
		{B7196A61-D11E-4533-9DF9-862B17EABFFB}.Release|Any CPU.Build.0 = Release|Any CPU
	EndGlobalSection
	GlobalSection(SolutionProperties) = preSolution
		HideSolutionNode = FALSE
	EndGlobalSection
	GlobalSection(ExtensibilityGlobals) = postSolution
		SolutionGuid = {A823DBBB-9E36-4801-9925-0EE78E29FA99}
	EndGlobalSection
EndGlobal
